{
  "name": "ipfs-car-extract",
  "version": "0.0.0",
  "lockfileVersion": 2,
  "requires": true,
  "packages": {
    "": {
      "name": "ipfs-car-extract",
      "version": "0.0.0",
      "license": "Apache-2.0 OR MIT",
      "dependencies": {
        "@ipld/car": "^4.1.5",
        "multiformats": "^9.9.0"
      }
    },
    "node_modules/@ipld/car": {
      "version": "4.1.5",
      "resolved": "https://registry.npmjs.org/@ipld/car/-/car-4.1.5.tgz",
      "integrity": "sha512-PFj4XsKOsxu5h12JUoBJ+mrAVqeA8YYq2bZbcE2sAIopJTwJIB5sBVTmc8ylkUsFXEysZQ4xQD+rZb3Ct0lbjQ==",
      "dependencies": {
        "@ipld/dag-cbor": "^7.0.0",
        "cborg": "^1.9.0",
        "multiformats": "^9.5.4",
        "varint": "^6.0.0"
      }
    },
    "node_modules/@ipld/dag-cbor": {
      "version": "7.0.3",
      "resolved": "https://registry.npmjs.org/@ipld/dag-cbor/-/dag-cbor-7.0.3.tgz",
      "integrity": "sha512-1VVh2huHsuohdXC1bGJNE8WR72slZ9XE2T3wbBBq31dm7ZBatmKLLxrB+XAqafxfRFjv08RZmj/W/ZqaM13AuA==",
      "dependencies": {
        "cborg": "^1.6.0",
        "multiformats": "^9.5.4"
      }
    },
    "node_modules/cborg": {
      "version": "1.9.5",
      "resolved": "https://registry.npmjs.org/cborg/-/cborg-1.9.5.tgz",
      "integrity": "sha512-fLBv8wmqtlXqy1Yu+pHzevAIkW6k2K0ZtMujNzWphLsA34vzzg9BHn+5GmZqOJkSA9V7EMKsWrf6K976c1QMjQ==",
      "bin": {
        "cborg": "cli.js"
      }
    },
    "node_modules/multiformats": {
      "version": "9.9.0",
      "resolved": "https://registry.npmjs.org/multiformats/-/multiformats-9.9.0.tgz",
      "integrity": "sha512-HoMUjhH9T8DDBNT+6xzkrd9ga/XiBI4xLr58LJACwK6G3HTOPeMz4nB4KJs33L2BelrIJa7P0VuNaVF3hMYfjg=="
    },
    "node_modules/varint": {
      "version": "6.0.0",
      "resolved": "https://registry.npmjs.org/varint/-/varint-6.0.0.tgz",
      "integrity": "sha512-cXEIW6cfr15lFv563k4GuVuW/fiwjknytD37jIOLSdSWuOI6WnO/oKwmP2FQTU2l01LP8/M5TSAJpzUaGe3uWg=="
    }
  },
  "dependencies": {
    "@ipld/car": {
      "version": "4.1.5",
      "resolved": "https://registry.npmjs.org/@ipld/car/-/car-4.1.5.tgz",
      "integrity": "sha512-PFj4XsKOsxu5h12JUoBJ+mrAVqeA8YYq2bZbcE2sAIopJTwJIB5sBVTmc8ylkUsFXEysZQ4xQD+rZb3Ct0lbjQ==",
      "requires": {
        "@ipld/dag-cbor": "^7.0.0",
        "cborg": "^1.9.0",
        "multiformats": "^9.5.4",
        "varint": "^6.0.0"
      }
    },
    "@ipld/dag-cbor": {
      "version": "7.0.3",
      "resolved": "https://registry.npmjs.org/@ipld/dag-cbor/-/dag-cbor-7.0.3.tgz",
      "integrity": "sha512-1VVh2huHsuohdXC1bGJNE8WR72slZ9XE2T3wbBBq31dm7ZBatmKLLxrB+XAqafxfRFjv08RZmj/W/ZqaM13AuA==",
      "requires": {
        "cborg": "^1.6.0",
        "multiformats": "^9.5.4"
      }
    },
    "cborg": {
      "version": "1.9.5",
      "resolved": "https://registry.npmjs.org/cborg/-/cborg-1.9.5.tgz",
      "integrity": "sha512-fLBv8wmqtlXqy1Yu+pHzevAIkW6k2K0ZtMujNzWphLsA34vzzg9BHn+5GmZqOJkSA9V7EMKsWrf6K976c1QMjQ=="
    },
    "multiformats": {
      "version": "9.9.0",
      "resolved": "https://registry.npmjs.org/multiformats/-/multiformats-9.9.0.tgz",
      "integrity": "sha512-HoMUjhH9T8DDBNT+6xzkrd9ga/XiBI4xLr58LJACwK6G3HTOPeMz4nB4KJs33L2BelrIJa7P0VuNaVF3hMYfjg=="
    },
    "varint": {
      "version": "6.0.0",
      "resolved": "https://registry.npmjs.org/varint/-/varint-6.0.0.tgz",
      "integrity": "sha512-cXEIW6cfr15lFv563k4GuVuW/fiwjknytD37jIOLSdSWuOI6WnO/oKwmP2FQTU2l01LP8/M5TSAJpzUaGe3uWg=="
    }
  }
}
